
Microsoft Visual Studio Solution File, Format Version 12.00
# Visual Studio 2013
VisualStudioVersion = 12.0.21005.1
MinimumVisualStudioVersion = 10.0.40219.1
Project("{F184B08F-C81C-45F6-A57F-5ABD9991F28F}") = "Host.Plugin.Interface", "Host.Service.PluginInterface\Host.Plugin.Interface.vbproj", "{95F50ECB-DA6E-45CE-93CB-19ECEC342217}"
EndProject
Project("{F184B08F-C81C-45F6-A57F-5ABD9991F28F}") = "Host.Service", "Host.Service\Host.Service.vbproj", "{A3FFDB1B-4CF5-4A14-A5BF-E171E7067013}"
EndProject
Project("{F184B08F-C81C-45F6-A57F-5ABD9991F28F}") = "Host.Client1", "Host.Client1\Host.Client1.vbproj", "{F5E3F2D2-8607-469D-A252-26235B04E0DE}"
EndProject
Project("{F184B08F-C81C-45F6-A57F-5ABD9991F28F}") = "Host.Client3", "Host.Client3\Host.Client3.vbproj", "{0B722D79-27CF-4AF1-9023-BA74A38A157B}"
EndProject
Project("{2150E333-8FDC-42A3-9474-1A3956D46DE8}") = "Service", "Service", "{1CC456BE-7519-40F6-AE81-60891A48168A}"
EndProject
Project("{2150E333-8FDC-42A3-9474-1A3956D46DE8}") = "Plugins", "Plugins", "{4D288106-8178-4E2D-969A-9AE37D8AAD6A}"
EndProject
Project("{2150E333-8FDC-42A3-9474-1A3956D46DE8}") = "Libraries", "Libraries", "{AF4B0211-C32E-4817-828D-123655323BC4}"
EndProject
Project("{F184B08F-C81C-45F6-A57F-5ABD9991F28F}") = "Host.Client2", "Host.Client2\Host.Client2.vbproj", "{3EA5CE5C-5175-43C1-AB8B-21C92C07B682}"
EndProject
Global
	GlobalSection(SolutionConfigurationPlatforms) = preSolution
		Debug|Any CPU = Debug|Any CPU
		Release|Any CPU = Release|Any CPU
	EndGlobalSection
	GlobalSection(ProjectConfigurationPlatforms) = postSolution
		{95F50ECB-DA6E-45CE-93CB-19ECEC342217}.Debug|Any CPU.ActiveCfg = Debug|Any CPU
		{95F50ECB-DA6E-45CE-93CB-19ECEC342217}.Debug|Any CPU.Build.0 = Debug|Any CPU
		{95F50ECB-DA6E-45CE-93CB-19ECEC342217}.Release|Any CPU.ActiveCfg = Release|Any CPU
		{95F50ECB-DA6E-45CE-93CB-19ECEC342217}.Release|Any CPU.Build.0 = Release|Any CPU
		{A3FFDB1B-4CF5-4A14-A5BF-E171E7067013}.Debug|Any CPU.ActiveCfg = Debug|Any CPU
		{A3FFDB1B-4CF5-4A14-A5BF-E171E7067013}.Debug|Any CPU.Build.0 = Debug|Any CPU
		{A3FFDB1B-4CF5-4A14-A5BF-E171E7067013}.Release|Any CPU.ActiveCfg = Release|Any CPU
		{A3FFDB1B-4CF5-4A14-A5BF-E171E7067013}.Release|Any CPU.Build.0 = Release|Any CPU
		{F5E3F2D2-8607-469D-A252-26235B04E0DE}.Debug|Any CPU.ActiveCfg = Debug|Any CPU
		{F5E3F2D2-8607-469D-A252-26235B04E0DE}.Debug|Any CPU.Build.0 = Debug|Any CPU
		{F5E3F2D2-8607-469D-A252-26235B04E0DE}.Release|Any CPU.ActiveCfg = Release|Any CPU
		{F5E3F2D2-8607-469D-A252-26235B04E0DE}.Release|Any CPU.Build.0 = Release|Any CPU
		{0B722D79-27CF-4AF1-9023-BA74A38A157B}.Debug|Any CPU.ActiveCfg = Debug|Any CPU
		{0B722D79-27CF-4AF1-9023-BA74A38A157B}.Debug|Any CPU.Build.0 = Debug|Any CPU
		{0B722D79-27CF-4AF1-9023-BA74A38A157B}.Release|Any CPU.ActiveCfg = Release|Any CPU
		{0B722D79-27CF-4AF1-9023-BA74A38A157B}.Release|Any CPU.Build.0 = Release|Any CPU
		{3EA5CE5C-5175-43C1-AB8B-21C92C07B682}.Debug|Any CPU.ActiveCfg = Debug|Any CPU
		{3EA5CE5C-5175-43C1-AB8B-21C92C07B682}.Debug|Any CPU.Build.0 = Debug|Any CPU
		{3EA5CE5C-5175-43C1-AB8B-21C92C07B682}.Release|Any CPU.ActiveCfg = Release|Any CPU
		{3EA5CE5C-5175-43C1-AB8B-21C92C07B682}.Release|Any CPU.Build.0 = Release|Any CPU
	EndGlobalSection
	GlobalSection(SolutionProperties) = preSolution
		HideSolutionNode = FALSE
	EndGlobalSection
	GlobalSection(NestedProjects) = preSolution
		{95F50ECB-DA6E-45CE-93CB-19ECEC342217} = {AF4B0211-C32E-4817-828D-123655323BC4}
		{A3FFDB1B-4CF5-4A14-A5BF-E171E7067013} = {1CC456BE-7519-40F6-AE81-60891A48168A}
		{0B722D79-27CF-4AF1-9023-BA74A38A157B} = {4D288106-8178-4E2D-969A-9AE37D8AAD6A}
		{F5E3F2D2-8607-469D-A252-26235B04E0DE} = {4D288106-8178-4E2D-969A-9AE37D8AAD6A}
		{3EA5CE5C-5175-43C1-AB8B-21C92C07B682} = {4D288106-8178-4E2D-969A-9AE37D8AAD6A}
	EndGlobalSection
EndGlobal
